
Microsoft Visual Studio Solution File, Format Version 12.00
# Visual Studio Version 16
VisualStudioVersion = 16.0.31205.134
MinimumVisualStudioVersion = 10.0.40219.1
Project("{FAE04EC0-301F-11D3-BF4B-00C04F79EFBC}") = "Practice1.1(WpfHello)", "Practice1.1(WpfHello)\Practice1.1(WpfHello).csproj", "{EEE7FD71-9D9A-4FE0-AC6F-63D4D124E62F}"
EndProject
Project("{FAE04EC0-301F-11D3-BF4B-00C04F79EFBC}") = "Practice1.2(WpfHello)", "Practice1.2(WpfHello)\Practice1.2(WpfHello).csproj", "{9B2334EA-4C92-4BEC-9C8B-81015199ED1C}"
EndProject
Project("{FAE04EC0-301F-11D3-BF4B-00C04F79EFBC}") = "Practice1.3(WpfHelloNav)", "Practice1.3(WpfHelloNav)\Practice1.3(WpfHelloNav).csproj", "{42A451D3-6D99-4811-A618-87EAF2BF4738}"
EndProject
Global
	GlobalSection(SolutionConfigurationPlatforms) = preSolution
		Debug|Any CPU = Debug|Any CPU
		Release|Any CPU = Release|Any CPU
	EndGlobalSection
	GlobalSection(ProjectConfigurationPlatforms) = postSolution
		{EEE7FD71-9D9A-4FE0-AC6F-63D4D124E62F}.Debug|Any CPU.ActiveCfg = Debug|Any CPU
		{EEE7FD71-9D9A-4FE0-AC6F-63D4D124E62F}.Debug|Any CPU.Build.0 = Debug|Any CPU
		{EEE7FD71-9D9A-4FE0-AC6F-63D4D124E62F}.Release|Any CPU.ActiveCfg = Release|Any CPU
		{EEE7FD71-9D9A-4FE0-AC6F-63D4D124E62F}.Release|Any CPU.Build.0 = Release|Any CPU
		{9B2334EA-4C92-4BEC-9C8B-81015199ED1C}.Debug|Any CPU.ActiveCfg = Debug|Any CPU
		{9B2334EA-4C92-4BEC-9C8B-81015199ED1C}.Debug|Any CPU.Build.0 = Debug|Any CPU
		{9B2334EA-4C92-4BEC-9C8B-81015199ED1C}.Release|Any CPU.ActiveCfg = Release|Any CPU
		{9B2334EA-4C92-4BEC-9C8B-81015199ED1C}.Release|Any CPU.Build.0 = Release|Any CPU
		{42A451D3-6D99-4811-A618-87EAF2BF4738}.Debug|Any CPU.ActiveCfg = Debug|Any CPU
		{42A451D3-6D99-4811-A618-87EAF2BF4738}.Debug|Any CPU.Build.0 = Debug|Any CPU
		{42A451D3-6D99-4811-A618-87EAF2BF4738}.Release|Any CPU.ActiveCfg = Release|Any CPU
		{42A451D3-6D99-4811-A618-87EAF2BF4738}.Release|Any CPU.Build.0 = Release|Any CPU
	EndGlobalSection
	GlobalSection(SolutionProperties) = preSolution
		HideSolutionNode = FALSE
	EndGlobalSection
	GlobalSection(ExtensibilityGlobals) = postSolution
		SolutionGuid = {62757047-CC2F-40DE-9488-1849A795D303}
	EndGlobalSection
EndGlobal
